{
  "repository": "https://github.com/sp00nznet/ps3recomp.git",
  "base": "a679051ef304555291de2eb3ec8a3dbf64a761a8",
  "revision": "77debac0a3b63724a95561e5f43f80bd32558f56",
  "tree": "2aadc636b421b0e826b1b12b9d65fc14d2c14c4b",
  "patch": "ps3recomp-d2-macos.diff",
  "patch_sha256": "f94447d9432717d2e77631447a26925d179c906d915abc6ff4164fa5ae161721"
}
