{
  "repository": "https://github.com/sp00nznet/ps3recomp.git",
  "base": "a679051ef304555291de2eb3ec8a3dbf64a761a8",
  "revision": "e27efbccf094c1e11f18343cbe2b94f9ddca655c",
  "tree": "18e5e54b9cc10fe51d407fd1725e7de45a930692",
  "patch": "ps3recomp-d2-macos.diff",
  "patch_sha256": "7067fc5dc6d92edb84201c95bdb7f2fe78fdf9fe9a7a9acecc6b8a2f4eca07d5"
}
